
Microsoft Visual Studio Solution File, Format Version 12.00
Project("{FAE04EC0-301F-11D3-BF4B-00C04F79EFBC}") = "AlgorithmApp", "AlgorithmApp\AlgorithmApp.csproj", "{9C11ADF5-2FC8-4A06-83B2-338CCA79B378}"
EndProject
Project("{FAE04EC0-301F-11D3-BF4B-00C04F79EFBC}") = "DataStructure", "DataStructure\DataStructure.csproj", "{4B268903-EE21-45A2-A467-7BB0580B2FB5}"
EndProject
Project("{FAE04EC0-301F-11D3-BF4B-00C04F79EFBC}") = "DesignPattern", "DesignPattern\DesignPattern.csproj", "{B38A06AE-F399-4DEF-89FD-3C1DF518B82A}"
EndProject
Global
	GlobalSection(SolutionConfigurationPlatforms) = preSolution
		Debug|Any CPU = Debug|Any CPU
		Release|Any CPU = Release|Any CPU
	EndGlobalSection
	GlobalSection(ProjectConfigurationPlatforms) = postSolution
		{9C11ADF5-2FC8-4A06-83B2-338CCA79B378}.Debug|Any CPU.ActiveCfg = Debug|Any CPU
		{9C11ADF5-2FC8-4A06-83B2-338CCA79B378}.Debug|Any CPU.Build.0 = Debug|Any CPU
		{9C11ADF5-2FC8-4A06-83B2-338CCA79B378}.Release|Any CPU.ActiveCfg = Release|Any CPU
		{9C11ADF5-2FC8-4A06-83B2-338CCA79B378}.Release|Any CPU.Build.0 = Release|Any CPU
		{4B268903-EE21-45A2-A467-7BB0580B2FB5}.Debug|Any CPU.ActiveCfg = Debug|Any CPU
		{4B268903-EE21-45A2-A467-7BB0580B2FB5}.Debug|Any CPU.Build.0 = Debug|Any CPU
		{4B268903-EE21-45A2-A467-7BB0580B2FB5}.Release|Any CPU.ActiveCfg = Release|Any CPU
		{4B268903-EE21-45A2-A467-7BB0580B2FB5}.Release|Any CPU.Build.0 = Release|Any CPU
		{B38A06AE-F399-4DEF-89FD-3C1DF518B82A}.Debug|Any CPU.ActiveCfg = Debug|Any CPU
		{B38A06AE-F399-4DEF-89FD-3C1DF518B82A}.Debug|Any CPU.Build.0 = Debug|Any CPU
		{B38A06AE-F399-4DEF-89FD-3C1DF518B82A}.Release|Any CPU.ActiveCfg = Release|Any CPU
		{B38A06AE-F399-4DEF-89FD-3C1DF518B82A}.Release|Any CPU.Build.0 = Release|Any CPU
	EndGlobalSection
EndGlobal
